SITE
  remote: http://community.opscode.com/api/v1
  specs:
    apt (2.3.10)
    build-essential (2.0.0)
    mosh (0.3.0)
      apt (>= 0.0.0)
    newrelic (1.0.1)
      python (>= 0.0.0)
    python (1.4.6)
      build-essential (>= 0.0.0)
      yum-epel (>= 0.0.0)
    yum (3.1.6)
    yum-epel (0.3.4)
      yum (~> 3.0)

GIT
  remote: https://github.com/CultConspiracy/opsworks_custom_env
  ref: master
  sha: 1c0ce60bbfdc7d967e4f62c051f6dcea71bb1476
  specs:
    opsworks_custom_env (0.3.0)

GIT
  remote: https://github.com/CultConspiracy/polydice-cookbooks
  path: sidekiq
  ref: master
  sha: 34a2a9763e4fcbdad811d86ccd941accbc0a6571
  specs:
    sidekiq (0.1.0)

GIT
  remote: https://github.com/freerunningtech/frt-opsworks-cookbooks
  path: whenever
  ref: master
  sha: a042a0b7d1e351eca3f3e73d032fe660d88100c7
  specs:
    whenever (0.1.0)

GIT
  remote: https://github.com/swrobel/opsworks-cookbooks
  path: nginx
  ref: master-chef-11.10
  sha: 76234001a1f35f2851da1317704f0ba6802e820b
  specs:
    nginx (1.0.0)

GIT
  remote: https://github.com/swrobel/opsworks-cookbooks
  path: unicorn
  ref: master-chef-11.10
  sha: 76234001a1f35f2851da1317704f0ba6802e820b
  specs:
    unicorn (1.0.0)

DEPENDENCIES
  mosh (>= 0)
  newrelic (>= 0)
  nginx (>= 0)
  opsworks_custom_env (>= 0)
  sidekiq (>= 0)
  unicorn (>= 0)
  whenever (>= 0)

