SITE
  remote: https://supermarket.getchef.com/api/v1
  specs:
    al_agents (1.3.2)
      line (>= 0.0.0)
      rsyslog (= 2.2.0)
      selinux_policy (>= 0.0.0)
    apt (3.0.0)
    java (1.39.0)
      apt (>= 0.0.0)
    line (0.6.3)
    newrelic-sysmond (2.0.0)
      apt (>= 1.9.2)
      yum (>= 3.0)
    remote_syslog2 (0.3.0)
    rsyslog (2.2.0)
    selinux_policy (0.9.5)
      yum (~> 3.9)
    yum (3.10.0)

GIT
  remote: https://github.com/ruvixx/cookbooks
  path: imagemagick
  ref: master
  sha: 9bc4d40fadb02d6acf6cb65fe9287f61ab26c0d5
  specs:
    imagemagick (0.1.0)

GIT
  remote: https://github.com/ruvixx/opsworks-cookbooks-1
  path: aws-ubuntu
  ref: master
  sha: 675413f4181851dd7c4c534080db52dfc84d20d8
  specs:
    aws-ubuntu (1.0.0)

GIT
  remote: https://github.com/ruvixx/opsworks_custom_env
  ref: master
  sha: 65c30f7d4f40793b60d869c85a81f3359cf0aa82
  specs:
    opsworks_custom_env (0.3.0)

GIT
  remote: https://github.com/ruvixx/phantomjs
  ref: master
  sha: cb906ec3ad251fc9509578d10efe875eed39e16c
  specs:
    phantomjs (0.2.0)

GIT
  remote: https://github.com/ruvixx/polydice-cookbooks
  path: sidekiq
  ref: master
  sha: ebf97e769c2213c81cfee5c3c8fbdc236e5d2de3
  specs:
    sidekiq (0.1.0)

GIT
  remote: https://github.com/shlomoswidler/awscli
  ref: master
  sha: 9fb7f8b5c5be6d2edc69dc8a52adc6b832ff331e
  specs:
    awscli (0.4.0)

DEPENDENCIES
  al_agents (~> 1.3.2)
  aws-ubuntu (>= 0)
  awscli (>= 0)
  imagemagick (>= 0)
  java (>= 0)
  newrelic-sysmond (~> 2.0.0)
  opsworks_custom_env (>= 0)
  phantomjs (>= 0)
  remote_syslog2 (~> 0.3.0)
  sidekiq (>= 0)

