SITE
  remote: https://supermarket.getchef.com/api/v1
  specs:
    apt (2.9.2)
    java (1.39.0)
      apt (>= 0.0.0)
    newrelic-sysmond (2.0.0)
      apt (>= 1.9.2)
      yum (>= 3.0)
    yum (3.10.0)

GIT
  remote: https://github.com/ruvixx/opsworks-cookbooks
  path: unicorn
  ref: release-chef-11.4
  sha: e7e1e207d75319230b1bb425d771d5762d56cabc
  specs:
    unicorn (1.0.0)

GIT
  remote: https://github.com/ruvixx/opsworks-cookbooks-1
  path: aws-ubuntu
  ref: master
  sha: 675413f4181851dd7c4c534080db52dfc84d20d8
  specs:
    aws-ubuntu (1.0.0)

GIT
  remote: https://github.com/ruvixx/opsworks_custom_env
  ref: master
  sha: 65c30f7d4f40793b60d869c85a81f3359cf0aa82
  specs:
    opsworks_custom_env (0.3.0)

GIT
  remote: https://github.com/ruvixx/phantomjs
  ref: master
  sha: e3a3763b424eb3727c06f44b157f3be308badf0d
  specs:
    phantomjs (0.1.0)
      apt (>= 0.0.0)

GIT
  remote: https://github.com/ruvixx/polydice-cookbooks
  path: sidekiq
  ref: master
  sha: f72aaca9a2560ddf598a459bb8bcd5536e16e399
  specs:
    sidekiq (0.1.0)

GIT
  remote: https://github.com/shlomoswidler/awscli
  ref: master
  sha: 21f962ad88c2e4b6f17ae73c239b5c60ab050134
  specs:
    awscli (0.4.0)

DEPENDENCIES
  aws-ubuntu (>= 0)
  awscli (>= 0)
  java (>= 0)
  newrelic-sysmond (~> 2.0.0)
  opsworks_custom_env (>= 0)
  phantomjs (>= 0)
  sidekiq (>= 0)
  unicorn (>= 0)

